
Microsoft Visual Studio Solution File, Format Version 12.00
# Visual Studio Version 17
VisualStudioVersion = 17.0.31903.59
MinimumVisualStudioVersion = 10.0.40219.1
Project("{2150E333-8FDC-42A3-9474-1A3956D46DE8}") = "src", "src", "{11C25C7F-C505-45DF-BE06-327D999DB791}"
EndProject
Project("{FAE04EC0-301F-11D3-BF4B-00C04F79EFBC}") = "Reaper.Exchanges.Binance.Api", "src\api\Reaper.Exchanges.Binance.Api.csproj", "{B4F23665-11D6-453F-A71B-BE42E77ABFB8}"
EndProject
Project("{FAE04EC0-301F-11D3-BF4B-00C04F79EFBC}") = "Reaper.Exchanges.Binance.Services", "src\services\Reaper.Exchanges.Binance.Services.csproj", "{DB384DE3-E374-464D-B316-AB2C5D7A9C46}"
EndProject
Global
	GlobalSection(SolutionConfigurationPlatforms) = preSolution
		Debug|Any CPU = Debug|Any CPU
		Release|Any CPU = Release|Any CPU
	EndGlobalSection
	GlobalSection(SolutionProperties) = preSolution
		HideSolutionNode = FALSE
	EndGlobalSection
	GlobalSection(ProjectConfigurationPlatforms) = postSolution
		{B4F23665-11D6-453F-A71B-BE42E77ABFB8}.Debug|Any CPU.ActiveCfg = Debug|Any CPU
		{B4F23665-11D6-453F-A71B-BE42E77ABFB8}.Debug|Any CPU.Build.0 = Debug|Any CPU
		{B4F23665-11D6-453F-A71B-BE42E77ABFB8}.Release|Any CPU.ActiveCfg = Release|Any CPU
		{B4F23665-11D6-453F-A71B-BE42E77ABFB8}.Release|Any CPU.Build.0 = Release|Any CPU
		{DB384DE3-E374-464D-B316-AB2C5D7A9C46}.Debug|Any CPU.ActiveCfg = Debug|Any CPU
		{DB384DE3-E374-464D-B316-AB2C5D7A9C46}.Debug|Any CPU.Build.0 = Debug|Any CPU
		{DB384DE3-E374-464D-B316-AB2C5D7A9C46}.Release|Any CPU.ActiveCfg = Release|Any CPU
		{DB384DE3-E374-464D-B316-AB2C5D7A9C46}.Release|Any CPU.Build.0 = Release|Any CPU
	EndGlobalSection
	GlobalSection(NestedProjects) = preSolution
		{B4F23665-11D6-453F-A71B-BE42E77ABFB8} = {11C25C7F-C505-45DF-BE06-327D999DB791}
		{DB384DE3-E374-464D-B316-AB2C5D7A9C46} = {11C25C7F-C505-45DF-BE06-327D999DB791}
	EndGlobalSection
EndGlobal
