
Microsoft Visual Studio Solution File, Format Version 12.00
# Visual Studio Version 17
VisualStudioVersion = 17.0.31903.59
MinimumVisualStudioVersion = 10.0.40219.1
Project("{2150E333-8FDC-42A3-9474-1A3956D46DE8}") = "CommonLib", "CommonLib", "{7B99EA43-B486-44D6-A923-783CFB32E4CF}"
EndProject
Project("{2150E333-8FDC-42A3-9474-1A3956D46DE8}") = "src", "src", "{8E98AFAE-7046-4E2B-B155-742D373BB160}"
EndProject
Project("{FAE04EC0-301F-11D3-BF4B-00C04F79EFBC}") = "Reaper.CommonLib.Interfaces", "CommonLib\src\Interfaces\Reaper.CommonLib.Interfaces.csproj", "{F296B06A-FDE7-43FF-8390-25DC291B691C}"
EndProject
Project("{FAE04EC0-301F-11D3-BF4B-00C04F79EFBC}") = "Reaper.CommonLib.Utils", "CommonLib\src\Utils\Reaper.CommonLib.Utils.csproj", "{F9E0F55E-9FFD-4CCB-97EA-08D3EDAE8CCD}"
EndProject
Project("{2150E333-8FDC-42A3-9474-1A3956D46DE8}") = "Exchanges", "Exchanges", "{62CA3B54-9848-4D30-BE94-72C8AB15AA09}"
EndProject
Project("{2150E333-8FDC-42A3-9474-1A3956D46DE8}") = "Binance", "Binance", "{A2683225-1BC2-4615-A2D5-FA647DF1D6A9}"
EndProject
Project("{2150E333-8FDC-42A3-9474-1A3956D46DE8}") = "src", "src", "{626F769E-01D5-4F42-833A-E136CF3D3D79}"
EndProject
Project("{FAE04EC0-301F-11D3-BF4B-00C04F79EFBC}") = "Reaper.Exchanges.Binance.Api", "Exchanges\Binance\src\api\Reaper.Exchanges.Binance.Api.csproj", "{C2A48A9A-D2F1-42AB-8E98-D9157C1E210A}"
EndProject
Project("{FAE04EC0-301F-11D3-BF4B-00C04F79EFBC}") = "Reaper.Exchanges.Binance.Services", "Exchanges\Binance\src\services\Reaper.Exchanges.Binance.Services.csproj", "{7FB64010-146E-487C-9759-C125086C5E7A}"
EndProject
Project("{2150E333-8FDC-42A3-9474-1A3956D46DE8}") = "Kucoin", "Kucoin", "{4A5AF91F-CCB1-4532-9264-E4F3EEB6822B}"
EndProject
Project("{2150E333-8FDC-42A3-9474-1A3956D46DE8}") = "src", "src", "{E628779C-D5C3-472D-8E8B-EA740E71586F}"
EndProject
Project("{FAE04EC0-301F-11D3-BF4B-00C04F79EFBC}") = "Reaper.Exchanges.Kucoin.Api", "Exchanges\Kucoin\src\api\Reaper.Exchanges.Kucoin.Api.csproj", "{B70F31E9-AFC0-4502-BAB0-7C404008998A}"
EndProject
Project("{FAE04EC0-301F-11D3-BF4B-00C04F79EFBC}") = "Reaper.Exchanges.Kucoin.Services", "Exchanges\Kucoin\src\services\Reaper.Exchanges.Kucoin.Services.csproj", "{617668B3-3AE6-4473-9337-5689338AB3F3}"
EndProject
Project("{2150E333-8FDC-42A3-9474-1A3956D46DE8}") = "SignalSentinel", "SignalSentinel", "{2C3132EB-772F-4984-8575-FC43A1AAAD75}"
EndProject
Project("{FAE04EC0-301F-11D3-BF4B-00C04F79EFBC}") = "Reaper.SignalSentinel", "SignalSentinel\src\Reaper.SignalSentinel.csproj", "{017EA9EB-7FE9-4739-A84C-18CA0E6948DA}"
EndProject
Project("{2150E333-8FDC-42A3-9474-1A3956D46DE8}") = "social_analytics", "social_analytics", "{5DF1F0E9-4748-40A3-A53D-0933669421B0}"
EndProject
Project("{2150E333-8FDC-42A3-9474-1A3956D46DE8}") = "Crows", "Crows", "{4CACA702-A120-41B5-963D-08932B1CBB3B}"
EndProject
Project("{FAE04EC0-301F-11D3-BF4B-00C04F79EFBC}") = "Discord", "social_analytics\Crows\Discord\Discord.csproj", "{590AEDDF-695D-4530-98BD-C00507C71C79}"
EndProject
Project("{FAE04EC0-301F-11D3-BF4B-00C04F79EFBC}") = "Telegram", "social_analytics\Crows\Telegram\Telegram.csproj", "{6DB53AFA-3D3B-4B18-8F5F-CD945BF5BCEC}"
EndProject
Project("{FAE04EC0-301F-11D3-BF4B-00C04F79EFBC}") = "Twitter", "social_analytics\Crows\Twitter\Twitter.csproj", "{CCE690B3-27FE-43DE-99C8-371B48654255}"
EndProject
Global
	GlobalSection(SolutionConfigurationPlatforms) = preSolution
		Debug|Any CPU = Debug|Any CPU
		Release|Any CPU = Release|Any CPU
	EndGlobalSection
	GlobalSection(SolutionProperties) = preSolution
		HideSolutionNode = FALSE
	EndGlobalSection
	GlobalSection(ProjectConfigurationPlatforms) = postSolution
		{F296B06A-FDE7-43FF-8390-25DC291B691C}.Debug|Any CPU.ActiveCfg = Debug|Any CPU
		{F296B06A-FDE7-43FF-8390-25DC291B691C}.Debug|Any CPU.Build.0 = Debug|Any CPU
		{F296B06A-FDE7-43FF-8390-25DC291B691C}.Release|Any CPU.ActiveCfg = Release|Any CPU
		{F296B06A-FDE7-43FF-8390-25DC291B691C}.Release|Any CPU.Build.0 = Release|Any CPU
		{F9E0F55E-9FFD-4CCB-97EA-08D3EDAE8CCD}.Debug|Any CPU.ActiveCfg = Debug|Any CPU
		{F9E0F55E-9FFD-4CCB-97EA-08D3EDAE8CCD}.Debug|Any CPU.Build.0 = Debug|Any CPU
		{F9E0F55E-9FFD-4CCB-97EA-08D3EDAE8CCD}.Release|Any CPU.ActiveCfg = Release|Any CPU
		{F9E0F55E-9FFD-4CCB-97EA-08D3EDAE8CCD}.Release|Any CPU.Build.0 = Release|Any CPU
		{C2A48A9A-D2F1-42AB-8E98-D9157C1E210A}.Debug|Any CPU.ActiveCfg = Debug|Any CPU
		{C2A48A9A-D2F1-42AB-8E98-D9157C1E210A}.Debug|Any CPU.Build.0 = Debug|Any CPU
		{C2A48A9A-D2F1-42AB-8E98-D9157C1E210A}.Release|Any CPU.ActiveCfg = Release|Any CPU
		{C2A48A9A-D2F1-42AB-8E98-D9157C1E210A}.Release|Any CPU.Build.0 = Release|Any CPU
		{7FB64010-146E-487C-9759-C125086C5E7A}.Debug|Any CPU.ActiveCfg = Debug|Any CPU
		{7FB64010-146E-487C-9759-C125086C5E7A}.Debug|Any CPU.Build.0 = Debug|Any CPU
		{7FB64010-146E-487C-9759-C125086C5E7A}.Release|Any CPU.ActiveCfg = Release|Any CPU
		{7FB64010-146E-487C-9759-C125086C5E7A}.Release|Any CPU.Build.0 = Release|Any CPU
		{B70F31E9-AFC0-4502-BAB0-7C404008998A}.Debug|Any CPU.ActiveCfg = Debug|Any CPU
		{B70F31E9-AFC0-4502-BAB0-7C404008998A}.Debug|Any CPU.Build.0 = Debug|Any CPU
		{B70F31E9-AFC0-4502-BAB0-7C404008998A}.Release|Any CPU.ActiveCfg = Release|Any CPU
		{B70F31E9-AFC0-4502-BAB0-7C404008998A}.Release|Any CPU.Build.0 = Release|Any CPU
		{617668B3-3AE6-4473-9337-5689338AB3F3}.Debug|Any CPU.ActiveCfg = Debug|Any CPU
		{617668B3-3AE6-4473-9337-5689338AB3F3}.Debug|Any CPU.Build.0 = Debug|Any CPU
		{617668B3-3AE6-4473-9337-5689338AB3F3}.Release|Any CPU.ActiveCfg = Release|Any CPU
		{617668B3-3AE6-4473-9337-5689338AB3F3}.Release|Any CPU.Build.0 = Release|Any CPU
		{017EA9EB-7FE9-4739-A84C-18CA0E6948DA}.Debug|Any CPU.ActiveCfg = Debug|Any CPU
		{017EA9EB-7FE9-4739-A84C-18CA0E6948DA}.Debug|Any CPU.Build.0 = Debug|Any CPU
		{017EA9EB-7FE9-4739-A84C-18CA0E6948DA}.Release|Any CPU.ActiveCfg = Release|Any CPU
		{017EA9EB-7FE9-4739-A84C-18CA0E6948DA}.Release|Any CPU.Build.0 = Release|Any CPU
		{590AEDDF-695D-4530-98BD-C00507C71C79}.Debug|Any CPU.ActiveCfg = Debug|Any CPU
		{590AEDDF-695D-4530-98BD-C00507C71C79}.Debug|Any CPU.Build.0 = Debug|Any CPU
		{590AEDDF-695D-4530-98BD-C00507C71C79}.Release|Any CPU.ActiveCfg = Release|Any CPU
		{590AEDDF-695D-4530-98BD-C00507C71C79}.Release|Any CPU.Build.0 = Release|Any CPU
		{6DB53AFA-3D3B-4B18-8F5F-CD945BF5BCEC}.Debug|Any CPU.ActiveCfg = Debug|Any CPU
		{6DB53AFA-3D3B-4B18-8F5F-CD945BF5BCEC}.Debug|Any CPU.Build.0 = Debug|Any CPU
		{6DB53AFA-3D3B-4B18-8F5F-CD945BF5BCEC}.Release|Any CPU.ActiveCfg = Release|Any CPU
		{6DB53AFA-3D3B-4B18-8F5F-CD945BF5BCEC}.Release|Any CPU.Build.0 = Release|Any CPU
		{CCE690B3-27FE-43DE-99C8-371B48654255}.Debug|Any CPU.ActiveCfg = Debug|Any CPU
		{CCE690B3-27FE-43DE-99C8-371B48654255}.Debug|Any CPU.Build.0 = Debug|Any CPU
		{CCE690B3-27FE-43DE-99C8-371B48654255}.Release|Any CPU.ActiveCfg = Release|Any CPU
		{CCE690B3-27FE-43DE-99C8-371B48654255}.Release|Any CPU.Build.0 = Release|Any CPU
	EndGlobalSection
	GlobalSection(NestedProjects) = preSolution
		{8E98AFAE-7046-4E2B-B155-742D373BB160} = {7B99EA43-B486-44D6-A923-783CFB32E4CF}
		{F296B06A-FDE7-43FF-8390-25DC291B691C} = {8E98AFAE-7046-4E2B-B155-742D373BB160}
		{F9E0F55E-9FFD-4CCB-97EA-08D3EDAE8CCD} = {8E98AFAE-7046-4E2B-B155-742D373BB160}
		{A2683225-1BC2-4615-A2D5-FA647DF1D6A9} = {62CA3B54-9848-4D30-BE94-72C8AB15AA09}
		{626F769E-01D5-4F42-833A-E136CF3D3D79} = {A2683225-1BC2-4615-A2D5-FA647DF1D6A9}
		{C2A48A9A-D2F1-42AB-8E98-D9157C1E210A} = {626F769E-01D5-4F42-833A-E136CF3D3D79}
		{7FB64010-146E-487C-9759-C125086C5E7A} = {626F769E-01D5-4F42-833A-E136CF3D3D79}
		{4A5AF91F-CCB1-4532-9264-E4F3EEB6822B} = {62CA3B54-9848-4D30-BE94-72C8AB15AA09}
		{E628779C-D5C3-472D-8E8B-EA740E71586F} = {4A5AF91F-CCB1-4532-9264-E4F3EEB6822B}
		{B70F31E9-AFC0-4502-BAB0-7C404008998A} = {E628779C-D5C3-472D-8E8B-EA740E71586F}
		{617668B3-3AE6-4473-9337-5689338AB3F3} = {E628779C-D5C3-472D-8E8B-EA740E71586F}
		{017EA9EB-7FE9-4739-A84C-18CA0E6948DA} = {2C3132EB-772F-4984-8575-FC43A1AAAD75}
		{4CACA702-A120-41B5-963D-08932B1CBB3B} = {5DF1F0E9-4748-40A3-A53D-0933669421B0}
		{590AEDDF-695D-4530-98BD-C00507C71C79} = {4CACA702-A120-41B5-963D-08932B1CBB3B}
		{6DB53AFA-3D3B-4B18-8F5F-CD945BF5BCEC} = {4CACA702-A120-41B5-963D-08932B1CBB3B}
		{CCE690B3-27FE-43DE-99C8-371B48654255} = {4CACA702-A120-41B5-963D-08932B1CBB3B}
	EndGlobalSection
EndGlobal
