
Microsoft Visual Studio Solution File, Format Version 12.00
# Visual Studio Version 17
VisualStudioVersion = 17.0.31903.59
MinimumVisualStudioVersion = 10.0.40219.1
Project("{2150E333-8FDC-42A3-9474-1A3956D46DE8}") = "src", "src", "{2EC26964-4784-4E4C-895D-9670A8CC027E}"
EndProject
Project("{FAE04EC0-301F-11D3-BF4B-00C04F79EFBC}") = "Reaper.Exchanges.Kucoin.Api", "src\api\Reaper.Exchanges.Kucoin.Api.csproj", "{8E69DB1B-6904-4CF0-BF1F-29A39314A183}"
EndProject
Project("{FAE04EC0-301F-11D3-BF4B-00C04F79EFBC}") = "Reaper.Exchanges.Kucoin.Services", "src\services\Reaper.Exchanges.Kucoin.Services.csproj", "{11DE7612-6BD8-47FA-8BCF-F2192BB9C3B8}"
EndProject
Global
	GlobalSection(SolutionConfigurationPlatforms) = preSolution
		Debug|Any CPU = Debug|Any CPU
		Release|Any CPU = Release|Any CPU
	EndGlobalSection
	GlobalSection(SolutionProperties) = preSolution
		HideSolutionNode = FALSE
	EndGlobalSection
	GlobalSection(ProjectConfigurationPlatforms) = postSolution
		{8E69DB1B-6904-4CF0-BF1F-29A39314A183}.Debug|Any CPU.ActiveCfg = Debug|Any CPU
		{8E69DB1B-6904-4CF0-BF1F-29A39314A183}.Debug|Any CPU.Build.0 = Debug|Any CPU
		{8E69DB1B-6904-4CF0-BF1F-29A39314A183}.Release|Any CPU.ActiveCfg = Release|Any CPU
		{8E69DB1B-6904-4CF0-BF1F-29A39314A183}.Release|Any CPU.Build.0 = Release|Any CPU
		{11DE7612-6BD8-47FA-8BCF-F2192BB9C3B8}.Debug|Any CPU.ActiveCfg = Debug|Any CPU
		{11DE7612-6BD8-47FA-8BCF-F2192BB9C3B8}.Debug|Any CPU.Build.0 = Debug|Any CPU
		{11DE7612-6BD8-47FA-8BCF-F2192BB9C3B8}.Release|Any CPU.ActiveCfg = Release|Any CPU
		{11DE7612-6BD8-47FA-8BCF-F2192BB9C3B8}.Release|Any CPU.Build.0 = Release|Any CPU
	EndGlobalSection
	GlobalSection(NestedProjects) = preSolution
		{8E69DB1B-6904-4CF0-BF1F-29A39314A183} = {2EC26964-4784-4E4C-895D-9670A8CC027E}
		{11DE7612-6BD8-47FA-8BCF-F2192BB9C3B8} = {2EC26964-4784-4E4C-895D-9670A8CC027E}
	EndGlobalSection
EndGlobal
