
Microsoft Visual Studio Solution File, Format Version 12.00
# Visual Studio Version 17
VisualStudioVersion = 17.0.31903.59
MinimumVisualStudioVersion = 10.0.40219.1
Project("{2150E333-8FDC-42A3-9474-1A3956D46DE8}") = "src", "src", "{A34FBC45-D33E-4815-B3FC-5D9D46B44863}"
EndProject
Project("{FAE04EC0-301F-11D3-BF4B-00C04F79EFBC}") = "Reaper.CommonLib.Interfaces", "src\Interfaces\Reaper.CommonLib.Interfaces.csproj", "{444B819B-0576-468E-991F-946E1E71A6A5}"
EndProject
Project("{FAE04EC0-301F-11D3-BF4B-00C04F79EFBC}") = "Reaper.CommonLib.Utils", "src\Utils\Reaper.CommonLib.Utils.csproj", "{05A5E93A-C074-437D-8627-67DDEE67940A}"
EndProject
Global
	GlobalSection(SolutionConfigurationPlatforms) = preSolution
		Debug|Any CPU = Debug|Any CPU
		Release|Any CPU = Release|Any CPU
	EndGlobalSection
	GlobalSection(SolutionProperties) = preSolution
		HideSolutionNode = FALSE
	EndGlobalSection
	GlobalSection(ProjectConfigurationPlatforms) = postSolution
		{444B819B-0576-468E-991F-946E1E71A6A5}.Debug|Any CPU.ActiveCfg = Debug|Any CPU
		{444B819B-0576-468E-991F-946E1E71A6A5}.Debug|Any CPU.Build.0 = Debug|Any CPU
		{444B819B-0576-468E-991F-946E1E71A6A5}.Release|Any CPU.ActiveCfg = Release|Any CPU
		{444B819B-0576-468E-991F-946E1E71A6A5}.Release|Any CPU.Build.0 = Release|Any CPU
		{05A5E93A-C074-437D-8627-67DDEE67940A}.Debug|Any CPU.ActiveCfg = Debug|Any CPU
		{05A5E93A-C074-437D-8627-67DDEE67940A}.Debug|Any CPU.Build.0 = Debug|Any CPU
		{05A5E93A-C074-437D-8627-67DDEE67940A}.Release|Any CPU.ActiveCfg = Release|Any CPU
		{05A5E93A-C074-437D-8627-67DDEE67940A}.Release|Any CPU.Build.0 = Release|Any CPU
	EndGlobalSection
	GlobalSection(NestedProjects) = preSolution
		{444B819B-0576-468E-991F-946E1E71A6A5} = {A34FBC45-D33E-4815-B3FC-5D9D46B44863}
		{05A5E93A-C074-437D-8627-67DDEE67940A} = {A34FBC45-D33E-4815-B3FC-5D9D46B44863}
	EndGlobalSection
EndGlobal
